
Microsoft Visual Studio Solution File, Format Version 12.00
# Visual Studio Version 16
VisualStudioVersion = 16.0.32407.337
MinimumVisualStudioVersion = 10.0.40219.1
Project("{8BC9CEB8-8B4A-11D0-8D11-00A0C91BC942}") = "宿題", "宿題.vcxproj", "{B63AF047-B481-47EA-BA82-560B37CEEF86}"
EndProject
Global
	GlobalSection(SolutionConfigurationPlatforms) = preSolution
		Debug|x64 = Debug|x64
		Debug|x86 = Debug|x86
		Release|x64 = Release|x64
		Release|x86 = Release|x86
	EndGlobalSection
	GlobalSection(ProjectConfigurationPlatforms) = postSolution
		{B63AF047-B481-47EA-BA82-560B37CEEF86}.Debug|x64.ActiveCfg = Debug|x64
		{B63AF047-B481-47EA-BA82-560B37CEEF86}.Debug|x64.Build.0 = Debug|x64
		{B63AF047-B481-47EA-BA82-560B37CEEF86}.Debug|x86.ActiveCfg = Debug|Win32
		{B63AF047-B481-47EA-BA82-560B37CEEF86}.Debug|x86.Build.0 = Debug|Win32
		{B63AF047-B481-47EA-BA82-560B37CEEF86}.Release|x64.ActiveCfg = Release|x64
		{B63AF047-B481-47EA-BA82-560B37CEEF86}.Release|x64.Build.0 = Release|x64
		{B63AF047-B481-47EA-BA82-560B37CEEF86}.Release|x86.ActiveCfg = Release|Win32
		{B63AF047-B481-47EA-BA82-560B37CEEF86}.Release|x86.Build.0 = Release|Win32
	EndGlobalSection
	GlobalSection(SolutionProperties) = preSolution
		HideSolutionNode = FALSE
	EndGlobalSection
	GlobalSection(ExtensibilityGlobals) = postSolution
		SolutionGuid = {BD9C2241-0431-45C5-AEEC-B71BACCCDFA1}
	EndGlobalSection
EndGlobal
